
Microsoft Visual Studio Solution File, Format Version 12.00
# Visual Studio Version 17
Project("{9A19103F-16F7-4668-BE54-9A1E7A4F7556}") = "ExcelWasm", "ExcelWasm.csproj", "{01A4CBA0-1365-4640-BE4A-01F6C254B311}"
EndProject
Global
	GlobalSection(SolutionConfigurationPlatforms) = preSolution
		Debug_GRAPECITY|Any CPU = Debug_GRAPECITY|Any CPU
		Debug|Any CPU = Debug|Any CPU
		GRAPECITY|Any CPU = GRAPECITY|Any CPU
		Release|Any CPU = Release|Any CPU
	EndGlobalSection
	GlobalSection(ProjectConfigurationPlatforms) = postSolution
		{01A4CBA0-1365-4640-BE4A-01F6C254B311}.Debug_GRAPECITY|Any CPU.ActiveCfg = Debug|Any CPU
		{01A4CBA0-1365-4640-BE4A-01F6C254B311}.Debug_GRAPECITY|Any CPU.Build.0 = Debug|Any CPU
		{01A4CBA0-1365-4640-BE4A-01F6C254B311}.Debug|Any CPU.ActiveCfg = Debug|Any CPU
		{01A4CBA0-1365-4640-BE4A-01F6C254B311}.Debug|Any CPU.Build.0 = Debug|Any CPU
		{01A4CBA0-1365-4640-BE4A-01F6C254B311}.GRAPECITY|Any CPU.ActiveCfg = Release|Any CPU
		{01A4CBA0-1365-4640-BE4A-01F6C254B311}.GRAPECITY|Any CPU.Build.0 = Release|Any CPU
		{01A4CBA0-1365-4640-BE4A-01F6C254B311}.Release|Any CPU.ActiveCfg = Release|Any CPU
		{01A4CBA0-1365-4640-BE4A-01F6C254B311}.Release|Any CPU.Build.0 = Release|Any CPU
	EndGlobalSection
	GlobalSection(SolutionProperties) = preSolution
		HideSolutionNode = FALSE
	EndGlobalSection
	GlobalSection(ExtensibilityGlobals) = postSolution
		SolutionGuid = {F6C8B12F-61E1-42E3-BA25-7B17FA06B1AA}
	EndGlobalSection
EndGlobal
