
Microsoft Visual Studio Solution File, Format Version 12.00
# Visual Studio Version 17
Project("{9A19103F-16F7-4668-BE54-9A1E7A4F7556}") = "C1DataCollection101", "C1DataCollection101\C1DataCollection101.csproj", "{4D473D97-3E67-47ED-A240-0CF60FC3AC38}"
EndProject
Global
	GlobalSection(SolutionConfigurationPlatforms) = preSolution
		Debug|Any CPU = Debug|Any CPU
		Release|Any CPU = Release|Any CPU
	EndGlobalSection
	GlobalSection(ProjectConfigurationPlatforms) = postSolution
		{4D473D97-3E67-47ED-A240-0CF60FC3AC38}.Debug|Any CPU.ActiveCfg = Debug|Any CPU
		{4D473D97-3E67-47ED-A240-0CF60FC3AC38}.Debug|Any CPU.Build.0 = Debug|Any CPU
		{4D473D97-3E67-47ED-A240-0CF60FC3AC38}.Debug|Any CPU.Deploy.0 = Debug|Any CPU
		{4D473D97-3E67-47ED-A240-0CF60FC3AC38}.Release|Any CPU.ActiveCfg = Release|Any CPU
		{4D473D97-3E67-47ED-A240-0CF60FC3AC38}.Release|Any CPU.Build.0 = Release|Any CPU
		{4D473D97-3E67-47ED-A240-0CF60FC3AC38}.Release|Any CPU.Deploy.0 = Release|Any CPU
	EndGlobalSection
	GlobalSection(SolutionProperties) = preSolution
		HideSolutionNode = FALSE
	EndGlobalSection
	GlobalSection(ExtensibilityGlobals) = postSolution
		SolutionGuid = {194FDB34-6DDD-45A2-97FB-2A2EE1483472}
	EndGlobalSection
EndGlobal
