
Microsoft Visual Studio Solution File, Format Version 12.00
# Visual Studio Version 16
Project("{9A19103F-16F7-4668-BE54-9A1E7A4F7556}") = "DataEngineDesigner", "DataEngineDesigner.csproj", "{40121A3E-9A0E-4DA5-839E-E4DC9D66C00E}"
EndProject
Global
	GlobalSection(SolutionConfigurationPlatforms) = preSolution
		Debug|Any CPU = Debug|Any CPU
		GRAPECITY|Any CPU = GRAPECITY|Any CPU
		Release|Any CPU = Release|Any CPU
	EndGlobalSection
	GlobalSection(ProjectConfigurationPlatforms) = postSolution
		{40121A3E-9A0E-4DA5-839E-E4DC9D66C00E}.Debug|Any CPU.ActiveCfg = Debug|Any CPU
		{40121A3E-9A0E-4DA5-839E-E4DC9D66C00E}.Debug|Any CPU.Build.0 = Debug|Any CPU
		{40121A3E-9A0E-4DA5-839E-E4DC9D66C00E}.GRAPECITY|Any CPU.ActiveCfg = Release|Any CPU
		{40121A3E-9A0E-4DA5-839E-E4DC9D66C00E}.GRAPECITY|Any CPU.Build.0 = Release|Any CPU
		{40121A3E-9A0E-4DA5-839E-E4DC9D66C00E}.Release|Any CPU.ActiveCfg = Release|Any CPU
		{40121A3E-9A0E-4DA5-839E-E4DC9D66C00E}.Release|Any CPU.Build.0 = Release|Any CPU
	EndGlobalSection
	GlobalSection(SolutionProperties) = preSolution
		HideSolutionNode = FALSE
	EndGlobalSection
	GlobalSection(ExtensibilityGlobals) = postSolution
		SolutionGuid = {5DDCF4FE-A142-4B79-8960-1BAD60D5CB5E}
	EndGlobalSection
EndGlobal
