
Microsoft Visual Studio Solution File, Format Version 12.00
# Visual Studio Version 17
Project("{9A19103F-16F7-4668-BE54-9A1E7A4F7556}") = "PrintSettings", "PrintSettings.csproj", "{106F4BB4-5F19-4338-A2B2-C9862B590E55}"
EndProject
Global
	GlobalSection(SolutionConfigurationPlatforms) = preSolution
		Debug_GRAPECITY|Any CPU = Debug_GRAPECITY|Any CPU
		Debug|Any CPU = Debug|Any CPU
		GRAPECITY|Any CPU = GRAPECITY|Any CPU
		Release|Any CPU = Release|Any CPU
	EndGlobalSection
	GlobalSection(ProjectConfigurationPlatforms) = postSolution
		{106F4BB4-5F19-4338-A2B2-C9862B590E55}.Debug_GRAPECITY|Any CPU.ActiveCfg = Debug|Any CPU
		{106F4BB4-5F19-4338-A2B2-C9862B590E55}.Debug_GRAPECITY|Any CPU.Build.0 = Debug|Any CPU
		{106F4BB4-5F19-4338-A2B2-C9862B590E55}.Debug|Any CPU.ActiveCfg = Debug|Any CPU
		{106F4BB4-5F19-4338-A2B2-C9862B590E55}.Debug|Any CPU.Build.0 = Debug|Any CPU
		{106F4BB4-5F19-4338-A2B2-C9862B590E55}.GRAPECITY|Any CPU.ActiveCfg = Debug|Any CPU
		{106F4BB4-5F19-4338-A2B2-C9862B590E55}.GRAPECITY|Any CPU.Build.0 = Debug|Any CPU
		{106F4BB4-5F19-4338-A2B2-C9862B590E55}.Release|Any CPU.ActiveCfg = Release|Any CPU
		{106F4BB4-5F19-4338-A2B2-C9862B590E55}.Release|Any CPU.Build.0 = Release|Any CPU
	EndGlobalSection
	GlobalSection(SolutionProperties) = preSolution
		HideSolutionNode = FALSE
	EndGlobalSection
	GlobalSection(ExtensibilityGlobals) = postSolution
		SolutionGuid = {F174BD10-7FCE-4C68-9727-842CAABFAEBD}
	EndGlobalSection
EndGlobal
