
Microsoft Visual Studio Solution File, Format Version 12.00
# Visual Studio Version 16
Project("{2150E333-8FDC-42A3-9474-1A3956D46DE8}") = "Core", "Core", "{4E1FAC60-A8AB-4F11-BECA-44382C115E9C}"
EndProject
Project("{9A19103F-16F7-4668-BE54-9A1E7A4F7556}") = "ConsoleApp", "Core\ConsoleApp\ConsoleApp.csproj", "{E8644314-894F-4132-99FE-CD770DE4180B}"
EndProject
Project("{2150E333-8FDC-42A3-9474-1A3956D46DE8}") = "Framework", "Framework", "{944EF84D-DD6E-4B58-B9A5-83DAB81F4994}"
EndProject
Project("{FAE04EC0-301F-11D3-BF4B-00C04F79EFBC}") = "ConsoleApp", "Framework\ConsoleApp\ConsoleApp.csproj", "{CBDE8C66-5E82-493E-991B-DF123F4CF0CC}"
EndProject
Project("{9A19103F-16F7-4668-BE54-9A1E7A4F7556}") = "WinFormsApp", "Core\WinFormsApp\WinFormsApp.csproj", "{BB6D44CD-6AB0-4E9F-9F7B-0AF0054C8C34}"
EndProject
Project("{FAE04EC0-301F-11D3-BF4B-00C04F79EFBC}") = "WinFormsApp", "Framework\WinFormsApp\WinFormsApp.csproj", "{BB538B06-D7AB-48FE-8601-C9CDA7F0F85C}"
EndProject
Project("{9A19103F-16F7-4668-BE54-9A1E7A4F7556}") = "WinFormsPivotApp", "Core\WinFormsPivotApp\WinFormsPivotApp.csproj", "{EA59029E-785A-48E2-81D3-A008D433DE40}"
EndProject
Project("{FAE04EC0-301F-11D3-BF4B-00C04F79EFBC}") = "WinFormsPivotApp", "Framework\WinFormsPivotApp\WinFormsPivotApp.csproj", "{99B96838-577B-480C-8623-988C84BD33A6}"
EndProject
Project("{9A19103F-16F7-4668-BE54-9A1E7A4F7556}") = "WpfApp", "Core\WpfApp\WpfApp.csproj", "{81EAA6FF-CCF8-49F0-8A5B-55B85DDBF712}"
EndProject
Project("{FAE04EC0-301F-11D3-BF4B-00C04F79EFBC}") = "WpfApp", "Framework\WpfApp\WpfApp.csproj", "{64B602BB-D4F9-480E-97AA-403FB71D78DF}"
EndProject
Project("{9A19103F-16F7-4668-BE54-9A1E7A4F7556}") = "WpfPivotApp", "Core\WpfPivotApp\WpfPivotApp.csproj", "{2A68B33A-0EAB-442C-A37B-949E67CFE801}"
EndProject
Project("{FAE04EC0-301F-11D3-BF4B-00C04F79EFBC}") = "WpfPivotApp", "Framework\WpfPivotApp\WpfPivotApp.csproj", "{10641C6B-3F1D-4CB2-A79F-6D639C7F5B80}"
EndProject
Project("{FAE04EC0-301F-11D3-BF4B-00C04F79EFBC}") = "WinFormsCubeApp", "Framework\WinFormsCubeApp\WinFormsCubeApp.csproj", "{432B66BF-706F-4938-919F-925F57FEB105}"
EndProject
Project("{FAE04EC0-301F-11D3-BF4B-00C04F79EFBC}") = "WpfCubeApp", "Framework\WpfCubeApp\WpfCubeApp.csproj", "{97A1CF0C-F6FF-45D4-8528-3EC8A7D6D7C6}"
EndProject
Project("{9A19103F-16F7-4668-BE54-9A1E7A4F7556}") = "WinFormsCubeApp", "Core\WinFormsCubeApp\WinFormsCubeApp.csproj", "{E0E0F6AB-EB73-420D-A79C-1B6AF6135172}"
EndProject
Project("{9A19103F-16F7-4668-BE54-9A1E7A4F7556}") = "WpfCubeApp", "Core\WpfCubeApp\WpfCubeApp.csproj", "{9A330864-E94F-4548-ACE7-33495F98313A}"
EndProject
Global
	GlobalSection(SolutionConfigurationPlatforms) = preSolution
		Debug|Any CPU = Debug|Any CPU
		MESCIUS|Any CPU = MESCIUS|Any CPU
		Release|Any CPU = Release|Any CPU
	EndGlobalSection
	GlobalSection(ProjectConfigurationPlatforms) = postSolution
		{E8644314-894F-4132-99FE-CD770DE4180B}.Debug|Any CPU.ActiveCfg = Debug|Any CPU
		{E8644314-894F-4132-99FE-CD770DE4180B}.Debug|Any CPU.Build.0 = Debug|Any CPU
		{E8644314-894F-4132-99FE-CD770DE4180B}.MESCIUS|Any CPU.ActiveCfg = Release|Any CPU
		{E8644314-894F-4132-99FE-CD770DE4180B}.MESCIUS|Any CPU.Build.0 = Release|Any CPU
		{E8644314-894F-4132-99FE-CD770DE4180B}.Release|Any CPU.ActiveCfg = Release|Any CPU
		{E8644314-894F-4132-99FE-CD770DE4180B}.Release|Any CPU.Build.0 = Release|Any CPU
		{CBDE8C66-5E82-493E-991B-DF123F4CF0CC}.Debug|Any CPU.ActiveCfg = Debug|Any CPU
		{CBDE8C66-5E82-493E-991B-DF123F4CF0CC}.Debug|Any CPU.Build.0 = Debug|Any CPU
		{CBDE8C66-5E82-493E-991B-DF123F4CF0CC}.MESCIUS|Any CPU.ActiveCfg = Release|Any CPU
		{CBDE8C66-5E82-493E-991B-DF123F4CF0CC}.MESCIUS|Any CPU.Build.0 = Release|Any CPU
		{CBDE8C66-5E82-493E-991B-DF123F4CF0CC}.Release|Any CPU.ActiveCfg = Release|Any CPU
		{CBDE8C66-5E82-493E-991B-DF123F4CF0CC}.Release|Any CPU.Build.0 = Release|Any CPU
		{BB6D44CD-6AB0-4E9F-9F7B-0AF0054C8C34}.Debug|Any CPU.ActiveCfg = Debug|Any CPU
		{BB6D44CD-6AB0-4E9F-9F7B-0AF0054C8C34}.Debug|Any CPU.Build.0 = Debug|Any CPU
		{BB6D44CD-6AB0-4E9F-9F7B-0AF0054C8C34}.MESCIUS|Any CPU.ActiveCfg = Release|Any CPU
		{BB6D44CD-6AB0-4E9F-9F7B-0AF0054C8C34}.MESCIUS|Any CPU.Build.0 = Release|Any CPU
		{BB6D44CD-6AB0-4E9F-9F7B-0AF0054C8C34}.Release|Any CPU.ActiveCfg = Release|Any CPU
		{BB6D44CD-6AB0-4E9F-9F7B-0AF0054C8C34}.Release|Any CPU.Build.0 = Release|Any CPU
		{BB538B06-D7AB-48FE-8601-C9CDA7F0F85C}.Debug|Any CPU.ActiveCfg = Debug|Any CPU
		{BB538B06-D7AB-48FE-8601-C9CDA7F0F85C}.Debug|Any CPU.Build.0 = Debug|Any CPU
		{BB538B06-D7AB-48FE-8601-C9CDA7F0F85C}.MESCIUS|Any CPU.ActiveCfg = Release|Any CPU
		{BB538B06-D7AB-48FE-8601-C9CDA7F0F85C}.MESCIUS|Any CPU.Build.0 = Release|Any CPU
		{BB538B06-D7AB-48FE-8601-C9CDA7F0F85C}.Release|Any CPU.ActiveCfg = Release|Any CPU
		{BB538B06-D7AB-48FE-8601-C9CDA7F0F85C}.Release|Any CPU.Build.0 = Release|Any CPU
		{EA59029E-785A-48E2-81D3-A008D433DE40}.Debug|Any CPU.ActiveCfg = Debug|Any CPU
		{EA59029E-785A-48E2-81D3-A008D433DE40}.Debug|Any CPU.Build.0 = Debug|Any CPU
		{EA59029E-785A-48E2-81D3-A008D433DE40}.MESCIUS|Any CPU.ActiveCfg = Release|Any CPU
		{EA59029E-785A-48E2-81D3-A008D433DE40}.MESCIUS|Any CPU.Build.0 = Release|Any CPU
		{EA59029E-785A-48E2-81D3-A008D433DE40}.Release|Any CPU.ActiveCfg = Release|Any CPU
		{EA59029E-785A-48E2-81D3-A008D433DE40}.Release|Any CPU.Build.0 = Release|Any CPU
		{99B96838-577B-480C-8623-988C84BD33A6}.Debug|Any CPU.ActiveCfg = Debug|Any CPU
		{99B96838-577B-480C-8623-988C84BD33A6}.Debug|Any CPU.Build.0 = Debug|Any CPU
		{99B96838-577B-480C-8623-988C84BD33A6}.MESCIUS|Any CPU.ActiveCfg = Release|Any CPU
		{99B96838-577B-480C-8623-988C84BD33A6}.MESCIUS|Any CPU.Build.0 = Release|Any CPU
		{99B96838-577B-480C-8623-988C84BD33A6}.Release|Any CPU.ActiveCfg = Release|Any CPU
		{99B96838-577B-480C-8623-988C84BD33A6}.Release|Any CPU.Build.0 = Release|Any CPU
		{81EAA6FF-CCF8-49F0-8A5B-55B85DDBF712}.Debug|Any CPU.ActiveCfg = Debug|Any CPU
		{81EAA6FF-CCF8-49F0-8A5B-55B85DDBF712}.Debug|Any CPU.Build.0 = Debug|Any CPU
		{81EAA6FF-CCF8-49F0-8A5B-55B85DDBF712}.MESCIUS|Any CPU.ActiveCfg = Release|Any CPU
		{81EAA6FF-CCF8-49F0-8A5B-55B85DDBF712}.MESCIUS|Any CPU.Build.0 = Release|Any CPU
		{81EAA6FF-CCF8-49F0-8A5B-55B85DDBF712}.Release|Any CPU.ActiveCfg = Release|Any CPU
		{81EAA6FF-CCF8-49F0-8A5B-55B85DDBF712}.Release|Any CPU.Build.0 = Release|Any CPU
		{64B602BB-D4F9-480E-97AA-403FB71D78DF}.Debug|Any CPU.ActiveCfg = Debug|Any CPU
		{64B602BB-D4F9-480E-97AA-403FB71D78DF}.Debug|Any CPU.Build.0 = Debug|Any CPU
		{64B602BB-D4F9-480E-97AA-403FB71D78DF}.MESCIUS|Any CPU.ActiveCfg = Release|Any CPU
		{64B602BB-D4F9-480E-97AA-403FB71D78DF}.MESCIUS|Any CPU.Build.0 = Release|Any CPU
		{64B602BB-D4F9-480E-97AA-403FB71D78DF}.Release|Any CPU.ActiveCfg = Release|Any CPU
		{64B602BB-D4F9-480E-97AA-403FB71D78DF}.Release|Any CPU.Build.0 = Release|Any CPU
		{2A68B33A-0EAB-442C-A37B-949E67CFE801}.Debug|Any CPU.ActiveCfg = Debug|Any CPU
		{2A68B33A-0EAB-442C-A37B-949E67CFE801}.Debug|Any CPU.Build.0 = Debug|Any CPU
		{2A68B33A-0EAB-442C-A37B-949E67CFE801}.MESCIUS|Any CPU.ActiveCfg = Release|Any CPU
		{2A68B33A-0EAB-442C-A37B-949E67CFE801}.MESCIUS|Any CPU.Build.0 = Release|Any CPU
		{2A68B33A-0EAB-442C-A37B-949E67CFE801}.Release|Any CPU.ActiveCfg = Release|Any CPU
		{2A68B33A-0EAB-442C-A37B-949E67CFE801}.Release|Any CPU.Build.0 = Release|Any CPU
		{10641C6B-3F1D-4CB2-A79F-6D639C7F5B80}.Debug|Any CPU.ActiveCfg = Debug|Any CPU
		{10641C6B-3F1D-4CB2-A79F-6D639C7F5B80}.Debug|Any CPU.Build.0 = Debug|Any CPU
		{10641C6B-3F1D-4CB2-A79F-6D639C7F5B80}.MESCIUS|Any CPU.ActiveCfg = Release|Any CPU
		{10641C6B-3F1D-4CB2-A79F-6D639C7F5B80}.MESCIUS|Any CPU.Build.0 = Release|Any CPU
		{10641C6B-3F1D-4CB2-A79F-6D639C7F5B80}.Release|Any CPU.ActiveCfg = Release|Any CPU
		{10641C6B-3F1D-4CB2-A79F-6D639C7F5B80}.Release|Any CPU.Build.0 = Release|Any CPU
		{432B66BF-706F-4938-919F-925F57FEB105}.Debug|Any CPU.ActiveCfg = Debug|Any CPU
		{432B66BF-706F-4938-919F-925F57FEB105}.Debug|Any CPU.Build.0 = Debug|Any CPU
		{432B66BF-706F-4938-919F-925F57FEB105}.MESCIUS|Any CPU.ActiveCfg = Release|Any CPU
		{432B66BF-706F-4938-919F-925F57FEB105}.MESCIUS|Any CPU.Build.0 = Release|Any CPU
		{432B66BF-706F-4938-919F-925F57FEB105}.Release|Any CPU.ActiveCfg = Release|Any CPU
		{432B66BF-706F-4938-919F-925F57FEB105}.Release|Any CPU.Build.0 = Release|Any CPU
		{97A1CF0C-F6FF-45D4-8528-3EC8A7D6D7C6}.Debug|Any CPU.ActiveCfg = Debug|Any CPU
		{97A1CF0C-F6FF-45D4-8528-3EC8A7D6D7C6}.Debug|Any CPU.Build.0 = Debug|Any CPU
		{97A1CF0C-F6FF-45D4-8528-3EC8A7D6D7C6}.MESCIUS|Any CPU.ActiveCfg = Release|Any CPU
		{97A1CF0C-F6FF-45D4-8528-3EC8A7D6D7C6}.MESCIUS|Any CPU.Build.0 = Release|Any CPU
		{97A1CF0C-F6FF-45D4-8528-3EC8A7D6D7C6}.Release|Any CPU.ActiveCfg = Release|Any CPU
		{97A1CF0C-F6FF-45D4-8528-3EC8A7D6D7C6}.Release|Any CPU.Build.0 = Release|Any CPU
		{E0E0F6AB-EB73-420D-A79C-1B6AF6135172}.Debug|Any CPU.ActiveCfg = Debug|Any CPU
		{E0E0F6AB-EB73-420D-A79C-1B6AF6135172}.Debug|Any CPU.Build.0 = Debug|Any CPU
		{E0E0F6AB-EB73-420D-A79C-1B6AF6135172}.MESCIUS|Any CPU.ActiveCfg = Release|Any CPU
		{E0E0F6AB-EB73-420D-A79C-1B6AF6135172}.MESCIUS|Any CPU.Build.0 = Release|Any CPU
		{E0E0F6AB-EB73-420D-A79C-1B6AF6135172}.Release|Any CPU.ActiveCfg = Release|Any CPU
		{E0E0F6AB-EB73-420D-A79C-1B6AF6135172}.Release|Any CPU.Build.0 = Release|Any CPU
		{9A330864-E94F-4548-ACE7-33495F98313A}.Debug|Any CPU.ActiveCfg = Debug|Any CPU
		{9A330864-E94F-4548-ACE7-33495F98313A}.Debug|Any CPU.Build.0 = Debug|Any CPU
		{9A330864-E94F-4548-ACE7-33495F98313A}.MESCIUS|Any CPU.ActiveCfg = Release|Any CPU
		{9A330864-E94F-4548-ACE7-33495F98313A}.MESCIUS|Any CPU.Build.0 = Release|Any CPU
		{9A330864-E94F-4548-ACE7-33495F98313A}.Release|Any CPU.ActiveCfg = Release|Any CPU
		{9A330864-E94F-4548-ACE7-33495F98313A}.Release|Any CPU.Build.0 = Release|Any CPU
	EndGlobalSection
	GlobalSection(SolutionProperties) = preSolution
		HideSolutionNode = FALSE
	EndGlobalSection
	GlobalSection(NestedProjects) = preSolution
		{E8644314-894F-4132-99FE-CD770DE4180B} = {4E1FAC60-A8AB-4F11-BECA-44382C115E9C}
		{CBDE8C66-5E82-493E-991B-DF123F4CF0CC} = {944EF84D-DD6E-4B58-B9A5-83DAB81F4994}
		{BB6D44CD-6AB0-4E9F-9F7B-0AF0054C8C34} = {4E1FAC60-A8AB-4F11-BECA-44382C115E9C}
		{BB538B06-D7AB-48FE-8601-C9CDA7F0F85C} = {944EF84D-DD6E-4B58-B9A5-83DAB81F4994}
		{EA59029E-785A-48E2-81D3-A008D433DE40} = {4E1FAC60-A8AB-4F11-BECA-44382C115E9C}
		{99B96838-577B-480C-8623-988C84BD33A6} = {944EF84D-DD6E-4B58-B9A5-83DAB81F4994}
		{81EAA6FF-CCF8-49F0-8A5B-55B85DDBF712} = {4E1FAC60-A8AB-4F11-BECA-44382C115E9C}
		{64B602BB-D4F9-480E-97AA-403FB71D78DF} = {944EF84D-DD6E-4B58-B9A5-83DAB81F4994}
		{2A68B33A-0EAB-442C-A37B-949E67CFE801} = {4E1FAC60-A8AB-4F11-BECA-44382C115E9C}
		{10641C6B-3F1D-4CB2-A79F-6D639C7F5B80} = {944EF84D-DD6E-4B58-B9A5-83DAB81F4994}
		{432B66BF-706F-4938-919F-925F57FEB105} = {944EF84D-DD6E-4B58-B9A5-83DAB81F4994}
		{97A1CF0C-F6FF-45D4-8528-3EC8A7D6D7C6} = {944EF84D-DD6E-4B58-B9A5-83DAB81F4994}
		{E0E0F6AB-EB73-420D-A79C-1B6AF6135172} = {4E1FAC60-A8AB-4F11-BECA-44382C115E9C}
		{9A330864-E94F-4548-ACE7-33495F98313A} = {4E1FAC60-A8AB-4F11-BECA-44382C115E9C}
	EndGlobalSection
	GlobalSection(ExtensibilityGlobals) = postSolution
		SolutionGuid = {3B30E4C1-B77C-4122-B740-3254F33BE302}
	EndGlobalSection
EndGlobal
