
Microsoft Visual Studio Solution File, Format Version 12.00
# Visual Studio Version 17
Project("{FAE04EC0-301F-11D3-BF4B-00C04F79EFBC}") = "ScheduleTableViews", "ScheduleTableViews.csproj", "{123B4C70-2268-4475-A912-7E72F85916BD}"
EndProject
Project("{FAE04EC0-301F-11D3-BF4B-00C04F79EFBC}") = "C1.WPF.ScheduleTableViews", "C1.WPF.ScheduleTableViews\C1.WPF.ScheduleTableViews.csproj", "{88B5B206-7ADF-48D2-AABB-C8889B1F793E}"
EndProject
Global
	GlobalSection(SolutionConfigurationPlatforms) = preSolution
		Debug_GRAPECITY|Any CPU = Debug_GRAPECITY|Any CPU
		Debug|Any CPU = Debug|Any CPU
		GRAPECITY|Any CPU = GRAPECITY|Any CPU
		Release|Any CPU = Release|Any CPU
	EndGlobalSection
	GlobalSection(ProjectConfigurationPlatforms) = postSolution
		{123B4C70-2268-4475-A912-7E72F85916BD}.Debug_GRAPECITY|Any CPU.ActiveCfg = Debug|Any CPU
		{123B4C70-2268-4475-A912-7E72F85916BD}.Debug_GRAPECITY|Any CPU.Build.0 = Debug|Any CPU
		{123B4C70-2268-4475-A912-7E72F85916BD}.Debug|Any CPU.ActiveCfg = Debug|Any CPU
		{123B4C70-2268-4475-A912-7E72F85916BD}.Debug|Any CPU.Build.0 = Debug|Any CPU
		{123B4C70-2268-4475-A912-7E72F85916BD}.GRAPECITY|Any CPU.ActiveCfg = Debug|Any CPU
		{123B4C70-2268-4475-A912-7E72F85916BD}.GRAPECITY|Any CPU.Build.0 = Debug|Any CPU
		{123B4C70-2268-4475-A912-7E72F85916BD}.Release|Any CPU.ActiveCfg = Release|Any CPU
		{123B4C70-2268-4475-A912-7E72F85916BD}.Release|Any CPU.Build.0 = Release|Any CPU
		{88B5B206-7ADF-48D2-AABB-C8889B1F793E}.Debug_GRAPECITY|Any CPU.ActiveCfg = Debug|Any CPU
		{88B5B206-7ADF-48D2-AABB-C8889B1F793E}.Debug_GRAPECITY|Any CPU.Build.0 = Debug|Any CPU
		{88B5B206-7ADF-48D2-AABB-C8889B1F793E}.Debug|Any CPU.ActiveCfg = Debug|Any CPU
		{88B5B206-7ADF-48D2-AABB-C8889B1F793E}.Debug|Any CPU.Build.0 = Debug|Any CPU
		{88B5B206-7ADF-48D2-AABB-C8889B1F793E}.GRAPECITY|Any CPU.ActiveCfg = Debug|Any CPU
		{88B5B206-7ADF-48D2-AABB-C8889B1F793E}.GRAPECITY|Any CPU.Build.0 = Debug|Any CPU
		{88B5B206-7ADF-48D2-AABB-C8889B1F793E}.Release|Any CPU.ActiveCfg = Release|Any CPU
		{88B5B206-7ADF-48D2-AABB-C8889B1F793E}.Release|Any CPU.Build.0 = Release|Any CPU
	EndGlobalSection
	GlobalSection(SolutionProperties) = preSolution
		HideSolutionNode = FALSE
	EndGlobalSection
	GlobalSection(ExtensibilityGlobals) = postSolution
		SolutionGuid = {C7C5B3C5-B669-497B-88C6-B560932A179F}
	EndGlobalSection
EndGlobal
