
Microsoft Visual Studio Solution File, Format Version 12.00
# Visual Studio Version 17
Project("{9A19103F-16F7-4668-BE54-9A1E7A4F7556}") = "FlowHtml", "FlowHtml.csproj", "{A27B329D-66C7-4ED4-9F09-E64E3C238F8D}"
EndProject
Global
	GlobalSection(SolutionConfigurationPlatforms) = preSolution
		Debug|Any CPU = Debug|Any CPU
		Release|Any CPU = Release|Any CPU
	EndGlobalSection
	GlobalSection(ProjectConfigurationPlatforms) = postSolution
		{A27B329D-66C7-4ED4-9F09-E64E3C238F8D}.Debug|Any CPU.ActiveCfg = Debug|Any CPU
		{A27B329D-66C7-4ED4-9F09-E64E3C238F8D}.Debug|Any CPU.Build.0 = Debug|Any CPU
		{A27B329D-66C7-4ED4-9F09-E64E3C238F8D}.Release|Any CPU.ActiveCfg = Release|Any CPU
		{A27B329D-66C7-4ED4-9F09-E64E3C238F8D}.Release|Any CPU.Build.0 = Release|Any CPU
	EndGlobalSection
	GlobalSection(SolutionProperties) = preSolution
		HideSolutionNode = FALSE
	EndGlobalSection
	GlobalSection(ExtensibilityGlobals) = postSolution
		SolutionGuid = {3BCB7288-F89D-4FFF-B266-A42769081E27}
	EndGlobalSection
	GlobalSection(SharedMSBuildProjectFiles) = preSolution
		..\..\..\Shared\Components\Word\Word.Net.projitems*{7a5a6f35-2767-4ae8-98a3-35d07a62d1a8}*SharedItemsImports = 13
		..\..\..\Shared\Components\Util\Util.Net.projitems*{917d031e-42d5-4e25-a452-976c7a15b85d}*SharedItemsImports = 13
		..\..\..\Shared\Components\Util\Util.Net.projitems*{f66ce086-1332-4225-baa4-f93aceda0f84}*SharedItemsImports = 5
		..\..\..\Shared\Components\Word\Word.Net.projitems*{f66ce086-1332-4225-baa4-f93aceda0f84}*SharedItemsImports = 5
	EndGlobalSection
EndGlobal
