
Microsoft Visual Studio Solution File, Format Version 12.00
# Visual Studio Version 16
Project("{9A19103F-16F7-4668-BE54-9A1E7A4F7556}") = "AddNewColumns", "AddNewColumns.csproj", "{99285A3F-A231-4953-B798-038A93E9AB16}"
EndProject
Global
	GlobalSection(SolutionConfigurationPlatforms) = preSolution
		Debug|Any CPU = Debug|Any CPU
		GRAPECITY|Any CPU = GRAPECITY|Any CPU
		Release|Any CPU = Release|Any CPU
	EndGlobalSection
	GlobalSection(ProjectConfigurationPlatforms) = postSolution
		{99285A3F-A231-4953-B798-038A93E9AB16}.Debug|Any CPU.ActiveCfg = Debug|Any CPU
		{99285A3F-A231-4953-B798-038A93E9AB16}.Debug|Any CPU.Build.0 = Debug|Any CPU
		{99285A3F-A231-4953-B798-038A93E9AB16}.GRAPECITY|Any CPU.ActiveCfg = Release|Any CPU
		{99285A3F-A231-4953-B798-038A93E9AB16}.GRAPECITY|Any CPU.Build.0 = Release|Any CPU
		{99285A3F-A231-4953-B798-038A93E9AB16}.Release|Any CPU.ActiveCfg = Release|Any CPU
		{99285A3F-A231-4953-B798-038A93E9AB16}.Release|Any CPU.Build.0 = Release|Any CPU
	EndGlobalSection
	GlobalSection(SolutionProperties) = preSolution
		HideSolutionNode = FALSE
	EndGlobalSection
	GlobalSection(ExtensibilityGlobals) = postSolution
		SolutionGuid = {9DD09840-D650-4671-8B1B-456CD6D16472}
	EndGlobalSection
EndGlobal
