
Microsoft Visual Studio Solution File, Format Version 12.00
# Visual Studio Version 17
Project("{9A19103F-16F7-4668-BE54-9A1E7A4F7556}") = "C1DataCollection101", "C1DataCollection101\C1DataCollection101.csproj", "{EAF2E092-F7DC-41BF-8C72-FDAA023EA140}"
EndProject
Global
	GlobalSection(SolutionConfigurationPlatforms) = preSolution
		Debug|Any CPU = Debug|Any CPU
		Release|Any CPU = Release|Any CPU
	EndGlobalSection
	GlobalSection(ProjectConfigurationPlatforms) = postSolution
		{EAF2E092-F7DC-41BF-8C72-FDAA023EA140}.Debug|Any CPU.ActiveCfg = Debug|Any CPU
		{EAF2E092-F7DC-41BF-8C72-FDAA023EA140}.Debug|Any CPU.Build.0 = Debug|Any CPU
		{EAF2E092-F7DC-41BF-8C72-FDAA023EA140}.Debug|Any CPU.Deploy.0 = Debug|Any CPU
		{EAF2E092-F7DC-41BF-8C72-FDAA023EA140}.Release|Any CPU.ActiveCfg = Release|iPhone
	EndGlobalSection
	GlobalSection(SolutionProperties) = preSolution
		HideSolutionNode = FALSE
	EndGlobalSection
	GlobalSection(ExtensibilityGlobals) = postSolution
		SolutionGuid = {1432C5DB-68A6-45AF-A236-3C02621A8DCC}
	EndGlobalSection
EndGlobal
