
Microsoft Visual Studio Solution File, Format Version 12.00
# Visual Studio Version 16
Project("{9A19103F-16F7-4668-BE54-9A1E7A4F7556}") = "ExcelFormulas", "ExcelFormulas.csproj", "{1FDD92E9-4740-4155-AF67-3132695C8C31}"
EndProject
Global
	GlobalSection(SolutionConfigurationPlatforms) = preSolution
		Debug_GRAPECITY|Any CPU = Debug_GRAPECITY|Any CPU
		Debug|Any CPU = Debug|Any CPU
		GRAPECITY|Any CPU = GRAPECITY|Any CPU
		Release|Any CPU = Release|Any CPU
	EndGlobalSection
	GlobalSection(ProjectConfigurationPlatforms) = postSolution
		{1FDD92E9-4740-4155-AF67-3132695C8C31}.Debug_GRAPECITY|Any CPU.ActiveCfg = Debug|Any CPU
		{1FDD92E9-4740-4155-AF67-3132695C8C31}.Debug_GRAPECITY|Any CPU.Build.0 = Debug|Any CPU
		{1FDD92E9-4740-4155-AF67-3132695C8C31}.Debug|Any CPU.ActiveCfg = Debug|Any CPU
		{1FDD92E9-4740-4155-AF67-3132695C8C31}.Debug|Any CPU.Build.0 = Debug|Any CPU
		{1FDD92E9-4740-4155-AF67-3132695C8C31}.GRAPECITY|Any CPU.ActiveCfg = Debug|Any CPU
		{1FDD92E9-4740-4155-AF67-3132695C8C31}.GRAPECITY|Any CPU.Build.0 = Debug|Any CPU
		{1FDD92E9-4740-4155-AF67-3132695C8C31}.Release|Any CPU.ActiveCfg = Release|Any CPU
		{1FDD92E9-4740-4155-AF67-3132695C8C31}.Release|Any CPU.Build.0 = Release|Any CPU
	EndGlobalSection
	GlobalSection(SolutionProperties) = preSolution
		HideSolutionNode = FALSE
	EndGlobalSection
	GlobalSection(ExtensibilityGlobals) = postSolution
		SolutionGuid = {F174BD10-7FCE-4C68-9727-842CAABFAEBD}
	EndGlobalSection
EndGlobal
