
Microsoft Visual Studio Solution File, Format Version 12.00
# Visual Studio Version 17
Project("{9A19103F-16F7-4668-BE54-9A1E7A4F7556}") = "CSVFlexGridVirtualization", "CSVFlexGridVirtualization\CSVFlexGridVirtualization.csproj", "{0E9F9B88-B29E-4437-86D3-E42FF1FE0009}"
EndProject
Global
	GlobalSection(SolutionConfigurationPlatforms) = preSolution
		Debug|Any CPU = Debug|Any CPU
		MESCIUS|Any CPU = MESCIUS|Any CPU
		Release|Any CPU = Release|Any CPU
		UTRelease|Any CPU = UTRelease|Any CPU
	EndGlobalSection
	GlobalSection(ProjectConfigurationPlatforms) = postSolution
		{0E9F9B88-B29E-4437-86D3-E42FF1FE0009}.Debug|Any CPU.ActiveCfg = Debug|Any CPU
		{0E9F9B88-B29E-4437-86D3-E42FF1FE0009}.Debug|Any CPU.Build.0 = Debug|Any CPU
		{0E9F9B88-B29E-4437-86D3-E42FF1FE0009}.MESCIUS|Any CPU.ActiveCfg = Debug|Any CPU
		{0E9F9B88-B29E-4437-86D3-E42FF1FE0009}.MESCIUS|Any CPU.Build.0 = Debug|Any CPU
		{0E9F9B88-B29E-4437-86D3-E42FF1FE0009}.Release|Any CPU.ActiveCfg = Release|Any CPU
		{0E9F9B88-B29E-4437-86D3-E42FF1FE0009}.Release|Any CPU.Build.0 = Release|Any CPU
		{0E9F9B88-B29E-4437-86D3-E42FF1FE0009}.UTRelease|Any CPU.ActiveCfg = Release|Any CPU
		{0E9F9B88-B29E-4437-86D3-E42FF1FE0009}.UTRelease|Any CPU.Build.0 = Release|Any CPU
	EndGlobalSection
	GlobalSection(SolutionProperties) = preSolution
		HideSolutionNode = FALSE
	EndGlobalSection
	GlobalSection(ExtensibilityGlobals) = postSolution
		SolutionGuid = {CA348EB4-C56D-4485-8D04-7F47E0389000}
	EndGlobalSection
EndGlobal
