
Microsoft Visual Studio Solution File, Format Version 12.00
# Visual Studio Version 17
Project("{9A19103F-16F7-4668-BE54-9A1E7A4F7556}") = "WinMetafile", "WinMetafile.csproj", "{1D2A6887-EFE3-4752-8669-2ED27F5A1EEF}"
EndProject
Global
	GlobalSection(SolutionConfigurationPlatforms) = preSolution
		Debug_OBFUSCATION|Any CPU = Debug_OBFUSCATION|Any CPU
		Debug|Any CPU = Debug|Any CPU
		Release_OBFUSCATION|Any CPU = Release_OBFUSCATION|Any CPU
		Release|Any CPU = Release|Any CPU
	EndGlobalSection
	GlobalSection(ProjectConfigurationPlatforms) = postSolution
		{1D2A6887-EFE3-4752-8669-2ED27F5A1EEF}.Debug_OBFUSCATION|Any CPU.ActiveCfg = Debug|Any CPU
		{1D2A6887-EFE3-4752-8669-2ED27F5A1EEF}.Debug_OBFUSCATION|Any CPU.Build.0 = Debug|Any CPU
		{1D2A6887-EFE3-4752-8669-2ED27F5A1EEF}.Debug|Any CPU.ActiveCfg = Debug|Any CPU
		{1D2A6887-EFE3-4752-8669-2ED27F5A1EEF}.Debug|Any CPU.Build.0 = Debug|Any CPU
		{1D2A6887-EFE3-4752-8669-2ED27F5A1EEF}.Release_OBFUSCATION|Any CPU.ActiveCfg = Release|Any CPU
		{1D2A6887-EFE3-4752-8669-2ED27F5A1EEF}.Release_OBFUSCATION|Any CPU.Build.0 = Release|Any CPU
		{1D2A6887-EFE3-4752-8669-2ED27F5A1EEF}.Release|Any CPU.ActiveCfg = Release|Any CPU
		{1D2A6887-EFE3-4752-8669-2ED27F5A1EEF}.Release|Any CPU.Build.0 = Release|Any CPU
	EndGlobalSection
	GlobalSection(SolutionProperties) = preSolution
		HideSolutionNode = FALSE
	EndGlobalSection
	GlobalSection(ExtensibilityGlobals) = postSolution
		SolutionGuid = {A4E3E79F-5F3E-4565-959C-3A456172FC46}
	EndGlobalSection
	GlobalSection(SharedMSBuildProjectFiles) = preSolution
		..\..\..\Shared\Components\Util\Util.Net.projitems*{917d031e-42d5-4e25-a452-976c7a15b85d}*SharedItemsImports = 13
		..\..\..\Shared\Components\Util\Util.Net.projitems*{dca03edd-bc7a-4fb3-8263-7738c141b838}*SharedItemsImports = 5
		..\..\..\Shared\Components\Word\Word.Net.projitems*{dca03edd-bc7a-4fb3-8263-7738c141b838}*SharedItemsImports = 5
	EndGlobalSection
EndGlobal
